
Microsoft Visual Studio Solution File, Format Version 12.00
# Visual Studio Version 16
VisualStudioVersion = 16.0.31005.135
MinimumVisualStudioVersion = 10.0.40219.1
Project("{F2A71F9B-5D33-465A-A702-920D77279786}") = "Task2", "Task2\Task2.fsproj", "{519CB01B-41AF-4678-909D-C84CB8CA7AFF}"
EndProject
Global
	GlobalSection(SolutionConfigurationPlatforms) = preSolution
		Debug|Any CPU = Debug|Any CPU
		Release|Any CPU = Release|Any CPU
	EndGlobalSection
	GlobalSection(ProjectConfigurationPlatforms) = postSolution
		{519CB01B-41AF-4678-909D-C84CB8CA7AFF}.Debug|Any CPU.ActiveCfg = Debug|Any CPU
		{519CB01B-41AF-4678-909D-C84CB8CA7AFF}.Debug|Any CPU.Build.0 = Debug|Any CPU
		{519CB01B-41AF-4678-909D-C84CB8CA7AFF}.Release|Any CPU.ActiveCfg = Release|Any CPU
		{519CB01B-41AF-4678-909D-C84CB8CA7AFF}.Release|Any CPU.Build.0 = Release|Any CPU
	EndGlobalSection
	GlobalSection(SolutionProperties) = preSolution
		HideSolutionNode = FALSE
	EndGlobalSection
	GlobalSection(ExtensibilityGlobals) = postSolution
		SolutionGuid = {2AD653F6-BEFF-4529-98F7-3D339E45B45D}
	EndGlobalSection
EndGlobal
